
Microsoft Visual Studio Solution File, Format Version 12.00
# Visual Studio Version 17
VisualStudioVersion = 17.2.32505.173
MinimumVisualStudioVersion = 10.0.40219.1
Project("{FAE04EC0-301F-11D3-BF4B-00C04F79EFBC}") = "MeuPrimeiroBack", "MeuPrimeiroBack.csproj", "{4DF24FF7-456C-4F85-8E4D-DBF9CCBC48DF}"
EndProject
Global
	GlobalSection(SolutionConfigurationPlatforms) = preSolution
		Debug|Any CPU = Debug|Any CPU
		Release|Any CPU = Release|Any CPU
	EndGlobalSection
	GlobalSection(ProjectConfigurationPlatforms) = postSolution
		{4DF24FF7-456C-4F85-8E4D-DBF9CCBC48DF}.Debug|Any CPU.ActiveCfg = Debug|Any CPU
		{4DF24FF7-456C-4F85-8E4D-DBF9CCBC48DF}.Debug|Any CPU.Build.0 = Debug|Any CPU
		{4DF24FF7-456C-4F85-8E4D-DBF9CCBC48DF}.Release|Any CPU.ActiveCfg = Release|Any CPU
		{4DF24FF7-456C-4F85-8E4D-DBF9CCBC48DF}.Release|Any CPU.Build.0 = Release|Any CPU
	EndGlobalSection
	GlobalSection(SolutionProperties) = preSolution
		HideSolutionNode = FALSE
	EndGlobalSection
	GlobalSection(ExtensibilityGlobals) = postSolution
		SolutionGuid = {F5CB1A6B-7F27-4B67-B3DF-6C71343420EB}
	EndGlobalSection
EndGlobal
